
Microsoft Visual Studio Solution File, Format Version 12.00
# Visual Studio Version 17
VisualStudioVersion = 17.13.35828.75 d17.13
MinimumVisualStudioVersion = 10.0.40219.1
Project("{FAE04EC0-301F-11D3-BF4B-00C04F79EFBC}") = "PragueParking1.0", "PragueParking1.0\PragueParking1.0.csproj", "{0BE57ABD-DA25-41AE-BA61-E48AC1A61A44}"
EndProject
Global
	GlobalSection(SolutionConfigurationPlatforms) = preSolution
		Debug|Any CPU = Debug|Any CPU
		Release|Any CPU = Release|Any CPU
	EndGlobalSection
	GlobalSection(ProjectConfigurationPlatforms) = postSolution
		{0BE57ABD-DA25-41AE-BA61-E48AC1A61A44}.Debug|Any CPU.ActiveCfg = Debug|Any CPU
		{0BE57ABD-DA25-41AE-BA61-E48AC1A61A44}.Debug|Any CPU.Build.0 = Debug|Any CPU
		{0BE57ABD-DA25-41AE-BA61-E48AC1A61A44}.Release|Any CPU.ActiveCfg = Release|Any CPU
		{0BE57ABD-DA25-41AE-BA61-E48AC1A61A44}.Release|Any CPU.Build.0 = Release|Any CPU
	EndGlobalSection
	GlobalSection(SolutionProperties) = preSolution
		HideSolutionNode = FALSE
	EndGlobalSection
	GlobalSection(ExtensibilityGlobals) = postSolution
		SolutionGuid = {72189CD5-3AA7-4B52-8244-FF48361CAB20}
	EndGlobalSection
EndGlobal
